
Microsoft Visual Studio Solution File, Format Version 12.00
# Visual Studio Version 17
VisualStudioVersion = 17.5.002.0
MinimumVisualStudioVersion = 10.0.40219.1
Project("{9A19103F-16F7-4668-BE54-9A1E7A4F7556}") = "ControleDePagamentos", "ControleDePagamentos\ControleDePagamentos.csproj", "{DF07FDE5-D7ED-4045-B71D-B7F12FB83E15}"
EndProject
Global
	GlobalSection(SolutionConfigurationPlatforms) = preSolution
		Debug|Any CPU = Debug|Any CPU
		Release|Any CPU = Release|Any CPU
	EndGlobalSection
	GlobalSection(ProjectConfigurationPlatforms) = postSolution
		{DF07FDE5-D7ED-4045-B71D-B7F12FB83E15}.Debug|Any CPU.ActiveCfg = Debug|Any CPU
		{DF07FDE5-D7ED-4045-B71D-B7F12FB83E15}.Debug|Any CPU.Build.0 = Debug|Any CPU
		{DF07FDE5-D7ED-4045-B71D-B7F12FB83E15}.Release|Any CPU.ActiveCfg = Release|Any CPU
		{DF07FDE5-D7ED-4045-B71D-B7F12FB83E15}.Release|Any CPU.Build.0 = Release|Any CPU
	EndGlobalSection
	GlobalSection(SolutionProperties) = preSolution
		HideSolutionNode = FALSE
	EndGlobalSection
	GlobalSection(ExtensibilityGlobals) = postSolution
		SolutionGuid = {496BC07D-82C4-460B-9467-6FB908C9D437}
	EndGlobalSection
EndGlobal
